
Microsoft Visual Studio Solution File, Format Version 12.00
# Visual Studio Version 17
VisualStudioVersion = 17.5.002.0
MinimumVisualStudioVersion = 10.0.40219.1
Project("{9A19103F-16F7-4668-BE54-9A1E7A4F7556}") = "DesafioFundamentos", "DesafioFundamentos.csproj", "{F13C563F-4F14-40BE-B5FD-D6B786F42C84}"
EndProject
Global
	GlobalSection(SolutionConfigurationPlatforms) = preSolution
		Debug|Any CPU = Debug|Any CPU
		Release|Any CPU = Release|Any CPU
	EndGlobalSection
	GlobalSection(ProjectConfigurationPlatforms) = postSolution
		{F13C563F-4F14-40BE-B5FD-D6B786F42C84}.Debug|Any CPU.ActiveCfg = Debug|Any CPU
		{F13C563F-4F14-40BE-B5FD-D6B786F42C84}.Debug|Any CPU.Build.0 = Debug|Any CPU
		{F13C563F-4F14-40BE-B5FD-D6B786F42C84}.Release|Any CPU.ActiveCfg = Release|Any CPU
		{F13C563F-4F14-40BE-B5FD-D6B786F42C84}.Release|Any CPU.Build.0 = Release|Any CPU
	EndGlobalSection
	GlobalSection(SolutionProperties) = preSolution
		HideSolutionNode = FALSE
	EndGlobalSection
	GlobalSection(ExtensibilityGlobals) = postSolution
		SolutionGuid = {4CC9BB84-D1EB-4792-83E0-5DB0FDF70B4C}
	EndGlobalSection
EndGlobal
